Microsoft Visual Studio Solution File, Format Version 12.00
# Visual Studio Version 17
VisualStudioVersion = 17.8.34330.188
MinimumVisualStudioVersion = 10.0.40219.1
Project("{FAE04EC0-301F-11D3-BF4B-00C04F79EFBC}") = "CRM", "CRM.csproj", "{4632C3D5-BB7B-404E-963A-C31792772BC2}"
EndProject
Global
	GlobalSection(SolutionConfigurationPlatforms) = preSolution
		Debug|Any CPU = Debug|Any CPU
		Release|Any CPU = Release|Any CPU
	EndGlobalSection
	GlobalSection(ProjectConfigurationPlatforms) = postSolution
		{4632C3D5-BB7B-404E-963A-C31792772BC2}.Debug|Any CPU.ActiveCfg = Debug|Any CPU
		{4632C3D5-BB7B-404E-963A-C31792772BC2}.Debug|Any CPU.Build.0 = Debug|Any CPU
		{4632C3D5-BB7B-404E-963A-C31792772BC2}.Release|Any CPU.ActiveCfg = Release|Any CPU
		{4632C3D5-BB7B-404E-963A-C31792772BC2}.Release|Any CPU.Build.0 = Release|Any CPU
	EndGlobalSection
	GlobalSection(SolutionProperties) = preSolution
		HideSolutionNode = FALSE
	EndGlobalSection
	GlobalSection(ExtensibilityGlobals) = postSolution
		SolutionGuid = {2E1FC831-3417-4172-8A52-368079121C8F}
	EndGlobalSection
EndGlobal